
Microsoft Visual Studio Solution File, Format Version 12.00
# Visual Studio Version 17
VisualStudioVersion = 17.14.36203.30 d17.14
MinimumVisualStudioVersion = 10.0.40219.1
Project("{C9674DCB-5085-4A16-B785-4C70DD1589BD}") = "NextHire", "NextHire\NextHire.dtproj", "{FA3432D5-5472-6475-2E00-8DC44F57B793}"
EndProject
Global
	GlobalSection(SolutionConfigurationPlatforms) = preSolution
		Development|Default = Development|Default
	EndGlobalSection
	GlobalSection(ProjectConfigurationPlatforms) = postSolution
		{FA3432D5-5472-6475-2E00-8DC44F57B793}.Development|Default.ActiveCfg = Development
		{FA3432D5-5472-6475-2E00-8DC44F57B793}.Development|Default.Build.0 = Development
	EndGlobalSection
	GlobalSection(SolutionProperties) = preSolution
		HideSolutionNode = FALSE
	EndGlobalSection
	GlobalSection(ExtensibilityGlobals) = postSolution
		SolutionGuid = {5F818B55-348B-42C4-9104-3C621EE0F768}
	EndGlobalSection
EndGlobal
